
Microsoft Visual Studio Solution File, Format Version 12.00
# Visual Studio 15
VisualStudioVersion = 15.0.28307.421
MinimumVisualStudioVersion = 10.0.40219.1
Project("{FAE04EC0-301F-11D3-BF4B-00C04F79EFBC}") = "NakkiCalvinWeb1", "NakkiCalvinWeb1\NakkiCalvinWeb1.csproj", "{C1D93BC6-4FD2-4B9D-ABB0-367A079770F3}"
EndProject
Global
	GlobalSection(SolutionConfigurationPlatforms) = preSolution
		Debug|Any CPU = Debug|Any CPU
		Release|Any CPU = Release|Any CPU
	EndGlobalSection
	GlobalSection(ProjectConfigurationPlatforms) = postSolution
		{C1D93BC6-4FD2-4B9D-ABB0-367A079770F3}.Debug|Any CPU.ActiveCfg = Debug|Any CPU
		{C1D93BC6-4FD2-4B9D-ABB0-367A079770F3}.Debug|Any CPU.Build.0 = Debug|Any CPU
		{C1D93BC6-4FD2-4B9D-ABB0-367A079770F3}.Release|Any CPU.ActiveCfg = Release|Any CPU
		{C1D93BC6-4FD2-4B9D-ABB0-367A079770F3}.Release|Any CPU.Build.0 = Release|Any CPU
	EndGlobalSection
	GlobalSection(SolutionProperties) = preSolution
		HideSolutionNode = FALSE
	EndGlobalSection
	GlobalSection(ExtensibilityGlobals) = postSolution
		SolutionGuid = {2701B071-1ED5-417D-B867-27DDF3091AE8}
	EndGlobalSection
EndGlobal
